
Microsoft Visual Studio Solution File, Format Version 12.00
# Visual Studio Version 17
VisualStudioVersion = 17.8.34330.188
MinimumVisualStudioVersion = 10.0.40219.1
Project("{FAE04EC0-301F-11D3-BF4B-00C04F79EFBC}") = "Queens_8x8", "Queens_8x8\Queens_8x8.csproj", "{817B4F1A-39EA-4634-8C3A-445AD4DE7D24}"
EndProject
Project("{FAE04EC0-301F-11D3-BF4B-00C04F79EFBC}") = "Queens_80x80", "Queens_80x80\Queens_80x80.csproj", "{8F184102-EEE7-4196-8A3F-66205E120F6F}"
EndProject
Global
	GlobalSection(SolutionConfigurationPlatforms) = preSolution
		Debug|Any CPU = Debug|Any CPU
		Release|Any CPU = Release|Any CPU
	EndGlobalSection
	GlobalSection(ProjectConfigurationPlatforms) = postSolution
		{817B4F1A-39EA-4634-8C3A-445AD4DE7D24}.Debug|Any CPU.ActiveCfg = Debug|Any CPU
		{817B4F1A-39EA-4634-8C3A-445AD4DE7D24}.Debug|Any CPU.Build.0 = Debug|Any CPU
		{817B4F1A-39EA-4634-8C3A-445AD4DE7D24}.Release|Any CPU.ActiveCfg = Release|Any CPU
		{817B4F1A-39EA-4634-8C3A-445AD4DE7D24}.Release|Any CPU.Build.0 = Release|Any CPU
		{8F184102-EEE7-4196-8A3F-66205E120F6F}.Debug|Any CPU.ActiveCfg = Debug|Any CPU
		{8F184102-EEE7-4196-8A3F-66205E120F6F}.Debug|Any CPU.Build.0 = Debug|Any CPU
		{8F184102-EEE7-4196-8A3F-66205E120F6F}.Release|Any CPU.ActiveCfg = Release|Any CPU
		{8F184102-EEE7-4196-8A3F-66205E120F6F}.Release|Any CPU.Build.0 = Release|Any CPU
	EndGlobalSection
	GlobalSection(SolutionProperties) = preSolution
		HideSolutionNode = FALSE
	EndGlobalSection
	GlobalSection(ExtensibilityGlobals) = postSolution
		SolutionGuid = {3259252F-4A54-4F39-86D3-6B7F3E751FBA}
	EndGlobalSection
EndGlobal
